{
  "name": "wxapp",
  "lockfileVersion": 2,
  "requires": true,
  "packages": {
    "": {
      "dependencies": {
        "mp-html": "^2.1.1"
      }
    },
    "node_modules/mp-html": {
      "version": "2.1.1",
      "resolved": "https://registry.npm.taobao.org/mp-html/download/mp-html-2.1.1.tgz",
      "integrity": "sha1-Ly40PlsTbtDJfTR9nmdbjbfhLnM="
    }
  },
  "dependencies": {
    "mp-html": {
      "version": "2.1.1",
      "resolved": "https://registry.npm.taobao.org/mp-html/download/mp-html-2.1.1.tgz",
      "integrity": "sha1-Ly40PlsTbtDJfTR9nmdbjbfhLnM="
    }
  }
}
